
Microsoft Visual Studio Solution File, Format Version 12.00
# Visual Studio Version 16
VisualStudioVersion = 16.0.31911.196
MinimumVisualStudioVersion = 10.0.40219.1
Project("{8BC9CEB8-8B4A-11D0-8D11-00A0C91BC942}") = "lab8", "lab8\lab8.vcxproj", "{102D6F7B-5B0E-4ACB-85C6-F60D4EA752FC}"
EndProject
Global
	GlobalSection(SolutionConfigurationPlatforms) = preSolution
		Debug|x64 = Debug|x64
		Debug|x86 = Debug|x86
		Release|x64 = Release|x64
		Release|x86 = Release|x86
	EndGlobalSection
	GlobalSection(ProjectConfigurationPlatforms) = postSolution
		{102D6F7B-5B0E-4ACB-85C6-F60D4EA752FC}.Debug|x64.ActiveCfg = Debug|x64
		{102D6F7B-5B0E-4ACB-85C6-F60D4EA752FC}.Debug|x64.Build.0 = Debug|x64
		{102D6F7B-5B0E-4ACB-85C6-F60D4EA752FC}.Debug|x86.ActiveCfg = Debug|Win32
		{102D6F7B-5B0E-4ACB-85C6-F60D4EA752FC}.Debug|x86.Build.0 = Debug|Win32
		{102D6F7B-5B0E-4ACB-85C6-F60D4EA752FC}.Release|x64.ActiveCfg = Release|x64
		{102D6F7B-5B0E-4ACB-85C6-F60D4EA752FC}.Release|x64.Build.0 = Release|x64
		{102D6F7B-5B0E-4ACB-85C6-F60D4EA752FC}.Release|x86.ActiveCfg = Release|Win32
		{102D6F7B-5B0E-4ACB-85C6-F60D4EA752FC}.Release|x86.Build.0 = Release|Win32
	EndGlobalSection
	GlobalSection(SolutionProperties) = preSolution
		HideSolutionNode = FALSE
	EndGlobalSection
	GlobalSection(ExtensibilityGlobals) = postSolution
		SolutionGuid = {0E418C41-FC28-4F88-97EE-074CF32EB596}
	EndGlobalSection
EndGlobal
